// !$*UTF8*$!
{
	archiveVersion = 1;
	classes = {
	};
	objectVersion = 46;
	objects = {

/* Begin PBXBuildFile section */
		83D3ED1218DE09A700D813DD /* FBProduct.m in Sources */ = {isa = PBXBuildFile; fileRef = 83D3ED1118DE09A700D813DD /* FBProduct.m */; };
		83D3ED3118DE409C00D813DD /* libzbar.a in Frameworks */ = {isa = PBXBuildFile; fileRef = 83D3ED2B18DE409C00D813DD /* libzbar.a */; };
		83D3ED3218DE409D00D813DD /* zbar-back.png in Resources */ = {isa = PBXBuildFile; fileRef = 83D3ED2D18DE409C00D813DD /* zbar-back.png */; };
		83D3ED3318DE409D00D813DD /* zbar-help.html in Resources */ = {isa = PBXBuildFile; fileRef = 83D3ED2E18DE409C00D813DD /* zbar-help.html */; };
		83D3ED3418DE409D00D813DD /* zbar-helpicons.png in Resources */ = {isa = PBXBuildFile; fileRef = 83D3ED2F18DE409C00D813DD /* zbar-helpicons.png */; };
		83D3ED3518DE409D00D813DD /* zbar-samples.png in Resources */ = {isa = PBXBuildFile; fileRef = 83D3ED3018DE409C00D813DD /* zbar-samples.png */; };
		83D3ED3718DE40CE00D813DD /* AVFoundation.framework in Frameworks */ = {isa = PBXBuildFile; fileRef = 83D3ED3618DE40CE00D813DD /* AVFoundation.framework */; };
		83D3ED3918DE40DA00D813DD /* CoreMedia.framework in Frameworks */ = {isa = PBXBuildFile; fileRef = 83D3ED3818DE40DA00D813DD /* CoreMedia.framework */; };
		83D3ED3B18DE40E100D813DD /* CoreVideo.framework in Frameworks */ = {isa = PBXBuildFile; fileRef = 83D3ED3A18DE40E100D813DD /* CoreVideo.framework */; };
		83D3ED3D18DE40E900D813DD /* QuartzCore.framework in Frameworks */ = {isa = PBXBuildFile; fileRef = 83D3ED3C18DE40E900D813DD /* QuartzCore.framework */; };
		83D3ED3F18DE40F000D813DD /* libiconv.dylib in Frameworks */ = {isa = PBXBuildFile; fileRef = 83D3ED3E18DE40F000D813DD /* libiconv.dylib */; };
		83F247EE18DD63F8007ACCCB /* Foundation.framework in Frameworks */ = {isa = PBXBuildFile; fileRef = 83F247ED18DD63F8007ACCCB /* Foundation.framework */; };
		83F247F018DD63F8007ACCCB /* CoreGraphics.framework in Frameworks */ = {isa = PBXBuildFile; fileRef = 83F247EF18DD63F8007ACCCB /* CoreGraphics.framework */; };
		83F247F218DD63F8007ACCCB /* UIKit.framework in Frameworks */ = {isa = PBXBuildFile; fileRef = 83F247F118DD63F8007ACCCB /* UIKit.framework */; };
		83F247F818DD63F8007ACCCB /* InfoPlist.strings in Resources */ = {isa = PBXBuildFile; fileRef = 83F247F618DD63F8007ACCCB /* InfoPlist.strings */; };
		83F247FA18DD63F8007ACCCB /* main.m in Sources */ = {isa = PBXBuildFile; fileRef = 83F247F918DD63F8007ACCCB /* main.m */; };
		83F247FE18DD63F8007ACCCB /* AppDelegate.m in Sources */ = {isa = PBXBuildFile; fileRef = 83F247FD18DD63F8007ACCCB /* AppDelegate.m */; };
		83F2480118DD63F8007ACCCB /* Main.storyboard in Resources */ = {isa = PBXBuildFile; fileRef = 83F247FF18DD63F8007ACCCB /* Main.storyboard */; };
		83F2480418DD63F8007ACCCB /* FirstViewController.m in Sources */ = {isa = PBXBuildFile; fileRef = 83F2480318DD63F8007ACCCB /* FirstViewController.m */; };
		83F2480718DD63F8007ACCCB /* SecondViewController.m in Sources */ = {isa = PBXBuildFile; fileRef = 83F2480618DD63F8007ACCCB /* SecondViewController.m */; };
		83F2480918DD63F8007ACCCB /* Images.xcassets in Resources */ = {isa = PBXBuildFile; fileRef = 83F2480818DD63F8007ACCCB /* Images.xcassets */; };
		83F2481018DD63F8007ACCCB /* XCTest.framework in Frameworks */ = {isa = PBXBuildFile; fileRef = 83F2480F18DD63F8007ACCCB /* XCTest.framework */; };
		83F2481118DD63F8007ACCCB /* Foundation.framework in Frameworks */ = {isa = PBXBuildFile; fileRef = 83F247ED18DD63F8007ACCCB /* Foundation.framework */; };
		83F2481218DD63F8007ACCCB /* UIKit.framework in Frameworks */ = {isa = PBXBuildFile; fileRef = 83F247F118DD63F8007ACCCB /* UIKit.framework */; };
		83F2481A18DD63F8007ACCCB /* InfoPlist.strings in Resources */ = {isa = PBXBuildFile; fileRef = 83F2481818DD63F8007ACCCB /* InfoPlist.strings */; };
		83F2481C18DD63F8007ACCCB /* FastBarTests.m in Sources */ = {isa = PBXBuildFile; fileRef = 83F2481B18DD63F8007ACCCB /* FastBarTests.m */; };
		A89E3CC7A280412FA5AEF657 /* libPods-FastBar.a in Frameworks */ = {isa = PBXBuildFile; fileRef = EC72DB564BC846F4991147CD /* libPods-FastBar.a */; };
/* End PBXBuildFile section */

/* Begin PBXContainerItemProxy section */
		83F2481318DD63F8007ACCCB /* PBXContainerItemProxy */ = {
			isa = PBXContainerItemProxy;
			containerPortal = 83F247E218DD63F8007ACCCB /* Project object */;
			proxyType = 1;
			remoteGlobalIDString = 83F247E918DD63F8007ACCCB;
			remoteInfo = FastBar;
		};
/* End PBXContainerItemProxy section */

/* Begin PBXFileReference section */
		83D3ED1018DE09A700D813DD /* FBProduct.h */ = {isa = PBXFileReference; fileEncoding = 4; lastKnownFileType = sourcecode.c.h; path = FBProduct.h; sourceTree = "<group>"; };
		83D3ED1118DE09A700D813DD /* FBProduct.m */ = {isa = PBXFileReference; fileEncoding = 4; lastKnownFileType = sourcecode.c.objc; path = FBProduct.m; sourceTree = "<group>"; };
		83D3ED1718DE409C00D813DD /* Decoder.h */ = {isa = PBXFileReference; fileEncoding = 4; lastKnownFileType = sourcecode.c.h; path = Decoder.h; sourceTree = "<group>"; };
		83D3ED1818DE409C00D813DD /* Exception.h */ = {isa = PBXFileReference; fileEncoding = 4; lastKnownFileType = sourcecode.c.h; path = Exception.h; sourceTree = "<group>"; };
		83D3ED1918DE409C00D813DD /* Image.h */ = {isa = PBXFileReference; fileEncoding = 4; lastKnownFileType = sourcecode.c.h; path = Image.h; sourceTree = "<group>"; };
		83D3ED1A18DE409C00D813DD /* ImageScanner.h */ = {isa = PBXFileReference; fileEncoding = 4; lastKnownFileType = sourcecode.c.h; path = ImageScanner.h; sourceTree = "<group>"; };
		83D3ED1B18DE409C00D813DD /* Processor.h */ = {isa = PBXFileReference; fileEncoding = 4; lastKnownFileType = sourcecode.c.h; path = Processor.h; sourceTree = "<group>"; };
		83D3ED1C18DE409C00D813DD /* Scanner.h */ = {isa = PBXFileReference; fileEncoding = 4; lastKnownFileType = sourcecode.c.h; path = Scanner.h; sourceTree = "<group>"; };
		83D3ED1D18DE409C00D813DD /* Symbol.h */ = {isa = PBXFileReference; fileEncoding = 4; lastKnownFileType = sourcecode.c.h; path = Symbol.h; sourceTree = "<group>"; };
		83D3ED1E18DE409C00D813DD /* Video.h */ = {isa = PBXFileReference; fileEncoding = 4; lastKnownFileType = sourcecode.c.h; path = Video.h; sourceTree = "<group>"; };
		83D3ED1F18DE409C00D813DD /* Window.h */ = {isa = PBXFileReference; fileEncoding = 4; lastKnownFileType = sourcecode.c.h; path = Window.h; sourceTree = "<group>"; };
		83D3ED2018DE409C00D813DD /* zbar.h */ = {isa = PBXFileReference; fileEncoding = 4; lastKnownFileType = sourcecode.c.h; path = zbar.h; sourceTree = "<group>"; };
		83D3ED2118DE409C00D813DD /* ZBarCameraSimulator.h */ = {isa = PBXFileReference; fileEncoding = 4; lastKnownFileType = sourcecode.c.h; path = ZBarCameraSimulator.h; sourceTree = "<group>"; };
		83D3ED2218DE409C00D813DD /* ZBarCaptureReader.h */ = {isa = PBXFileReference; fileEncoding = 4; lastKnownFileType = sourcecode.c.h; path = ZBarCaptureReader.h; sourceTree = "<group>"; };
		83D3ED2318DE409C00D813DD /* ZBarHelpController.h */ = {isa = PBXFileReference; fileEncoding = 4; lastKnownFileType = sourcecode.c.h; path = ZBarHelpController.h; sourceTree = "<group>"; };
		83D3ED2418DE409C00D813DD /* ZBarImage.h */ = {isa = PBXFileReference; fileEncoding = 4; lastKnownFileType = sourcecode.c.h; path = ZBarImage.h; sourceTree = "<group>"; };
		83D3ED2518DE409C00D813DD /* ZBarImageScanner.h */ = {isa = PBXFileReference; fileEncoding = 4; lastKnownFileType = sourcecode.c.h; path = ZBarImageScanner.h; sourceTree = "<group>"; };
		83D3ED2618DE409C00D813DD /* ZBarReaderController.h */ = {isa = PBXFileReference; fileEncoding = 4; lastKnownFileType = sourcecode.c.h; path = ZBarReaderController.h; sourceTree = "<group>"; };
		83D3ED2718DE409C00D813DD /* ZBarReaderView.h */ = {isa = PBXFileReference; fileEncoding = 4; lastKnownFileType = sourcecode.c.h; path = ZBarReaderView.h; sourceTree = "<group>"; };
		83D3ED2818DE409C00D813DD /* ZBarReaderViewController.h */ = {isa = PBXFileReference; fileEncoding = 4; lastKnownFileType = sourcecode.c.h; path = ZBarReaderViewController.h; sourceTree = "<group>"; };
		83D3ED2918DE409C00D813DD /* ZBarSDK.h */ = {isa = PBXFileReference; fileEncoding = 4; lastKnownFileType = sourcecode.c.h; path = ZBarSDK.h; sourceTree = "<group>"; };
		83D3ED2A18DE409C00D813DD /* ZBarSymbol.h */ = {isa = PBXFileReference; fileEncoding = 4; lastKnownFileType = sourcecode.c.h; path = ZBarSymbol.h; sourceTree = "<group>"; };
		83D3ED2B18DE409C00D813DD /* libzbar.a */ = {isa = PBXFileReference; lastKnownFileType = archive.ar; path = libzbar.a; sourceTree = "<group>"; };
		83D3ED2D18DE409C00D813DD /* zbar-back.png */ = {isa = PBXFileReference; lastKnownFileType = image.png; path = "zbar-back.png"; sourceTree = "<group>"; };
		83D3ED2E18DE409C00D813DD /* zbar-help.html */ = {isa = PBXFileReference; fileEncoding = 4; lastKnownFileType = text.html; path = "zbar-help.html"; sourceTree = "<group>"; };
		83D3ED2F18DE409C00D813DD /* zbar-helpicons.png */ = {isa = PBXFileReference; lastKnownFileType = image.png; path = "zbar-helpicons.png"; sourceTree = "<group>"; };
		83D3ED3018DE409C00D813DD /* zbar-samples.png */ = {isa = PBXFileReference; lastKnownFileType = image.png; path = "zbar-samples.png"; sourceTree = "<group>"; };
		83D3ED3618DE40CE00D813DD /* AVFoundation.framework */ = {isa = PBXFileReference; lastKnownFileType = wrapper.framework; name = AVFoundation.framework; path = System/Library/Frameworks/AVFoundation.framework; sourceTree = SDKROOT; };
		83D3ED3818DE40DA00D813DD /* CoreMedia.framework */ = {isa = PBXFileReference; lastKnownFileType = wrapper.framework; name = CoreMedia.framework; path = System/Library/Frameworks/CoreMedia.framework; sourceTree = SDKROOT; };
		83D3ED3A18DE40E100D813DD /* CoreVideo.framework */ = {isa = PBXFileReference; lastKnownFileType = wrapper.framework; name = CoreVideo.framework; path = System/Library/Frameworks/CoreVideo.framework; sourceTree = SDKROOT; };
		83D3ED3C18DE40E900D813DD /* QuartzCore.framework */ = {isa = PBXFileReference; lastKnownFileType = wrapper.framework; name = QuartzCore.framework; path = System/Library/Frameworks/QuartzCore.framework; sourceTree = SDKROOT; };
		83D3ED3E18DE40F000D813DD /* libiconv.dylib */ = {isa = PBXFileReference; lastKnownFileType = "compiled.mach-o.dylib"; name = libiconv.dylib; path = usr/lib/libiconv.dylib; sourceTree = SDKROOT; };
		83F247EA18DD63F8007ACCCB /* FastBar.app */ = {isa = PBXFileReference; explicitFileType = wrapper.application; includeInIndex = 0; path = FastBar.app; sourceTree = BUILT_PRODUCTS_DIR; };
		83F247ED18DD63F8007ACCCB /* Foundation.framework */ = {isa = PBXFileReference; lastKnownFileType = wrapper.framework; name = Foundation.framework; path = System/Library/Frameworks/Foundation.framework; sourceTree = SDKROOT; };
		83F247EF18DD63F8007ACCCB /* CoreGraphics.framework */ = {isa = PBXFileReference; lastKnownFileType = wrapper.framework; name = CoreGraphics.framework; path = System/Library/Frameworks/CoreGraphics.framework; sourceTree = SDKROOT; };
		83F247F118DD63F8007ACCCB /* UIKit.framework */ = {isa = PBXFileReference; lastKnownFileType = wrapper.framework; name = UIKit.framework; path = System/Library/Frameworks/UIKit.framework; sourceTree = SDKROOT; };
		83F247F518DD63F8007ACCCB /* FastBar-Info.plist */ = {isa = PBXFileReference; lastKnownFileType = text.plist.xml; path = "FastBar-Info.plist"; sourceTree = "<group>"; };
		83F247F718DD63F8007ACCCB /* en */ = {isa = PBXFileReference; lastKnownFileType = text.plist.strings; name = en; path = en.lproj/InfoPlist.strings; sourceTree = "<group>"; };
		83F247F918DD63F8007ACCCB /* main.m */ = {isa = PBXFileReference; lastKnownFileType = sourcecode.c.objc; path = main.m; sourceTree = "<group>"; };
		83F247FB18DD63F8007ACCCB /* FastBar-Prefix.pch */ = {isa = PBXFileReference; lastKnownFileType = sourcecode.c.h; path = "FastBar-Prefix.pch"; sourceTree = "<group>"; };
		83F247FC18DD63F8007ACCCB /* AppDelegate.h */ = {isa = PBXFileReference; lastKnownFileType = sourcecode.c.h; path = AppDelegate.h; sourceTree = "<group>"; };
		83F247FD18DD63F8007ACCCB /* AppDelegate.m */ = {isa = PBXFileReference; lastKnownFileType = sourcecode.c.objc; path = AppDelegate.m; sourceTree = "<group>"; };
		83F2480018DD63F8007ACCCB /* Base */ = {isa = PBXFileReference; lastKnownFileType = file.storyboard; name = Base; path = Base.lproj/Main.storyboard; sourceTree = "<group>"; };
		83F2480218DD63F8007ACCCB /* FirstViewController.h */ = {isa = PBXFileReference; lastKnownFileType = sourcecode.c.h; path = FirstViewController.h; sourceTree = "<group>"; };
		83F2480318DD63F8007ACCCB /* FirstViewController.m */ = {isa = PBXFileReference; lastKnownFileType = sourcecode.c.objc; path = FirstViewController.m; sourceTree = "<group>"; };
		83F2480518DD63F8007ACCCB /* SecondViewController.h */ = {isa = PBXFileReference; lastKnownFileType = sourcecode.c.h; path = SecondViewController.h; sourceTree = "<group>"; };
		83F2480618DD63F8007ACCCB /* SecondViewController.m */ = {isa = PBXFileReference; lastKnownFileType = sourcecode.c.objc; path = SecondViewController.m; sourceTree = "<group>"; };
		83F2480818DD63F8007ACCCB /* Images.xcassets */ = {isa = PBXFileReference; lastKnownFileType = folder.assetcatalog; path = Images.xcassets; sourceTree = "<group>"; };
		83F2480E18DD63F8007ACCCB /* FastBarTests.xctest */ = {isa = PBXFileReference; explicitFileType = wrapper.cfbundle; includeInIndex = 0; path = FastBarTests.xctest; sourceTree = BUILT_PRODUCTS_DIR; };
		83F2480F18DD63F8007ACCCB /* XCTest.framework */ = {isa = PBXFileReference; lastKnownFileType = wrapper.framework; name = XCTest.framework; path = Library/Frameworks/XCTest.framework; sourceTree = DEVELOPER_DIR; };
		83F2481718DD63F8007ACCCB /* FastBarTests-Info.plist */ = {isa = PBXFileReference; lastKnownFileType = text.plist.xml; path = "FastBarTests-Info.plist"; sourceTree = "<group>"; };
		83F2481918DD63F8007ACCCB /* en */ = {isa = PBXFileReference; lastKnownFileType = text.plist.strings; name = en; path = en.lproj/InfoPlist.strings; sourceTree = "<group>"; };
		83F2481B18DD63F8007ACCCB /* FastBarTests.m */ = {isa = PBXFileReference; lastKnownFileType = sourcecode.c.objc; path = FastBarTests.m; sourceTree = "<group>"; };
		9E3B48BD90914EA7BABFF787 /* Pods-FastBar.xcconfig */ = {isa = PBXFileReference; includeInIndex = 1; lastKnownFileType = text.xcconfig; name = "Pods-FastBar.xcconfig"; path = "Pods/Pods-FastBar.xcconfig"; sourceTree = "<group>"; };
		EC72DB564BC846F4991147CD /* libPods-FastBar.a */ = {isa = PBXFileReference; explicitFileType = archive.ar; includeInIndex = 0; path = "libPods-FastBar.a"; sourceTree = BUILT_PRODUCTS_DIR; };
/* End PBXFileReference section */

/* Begin PBXFrameworksBuildPhase section */
		83F247E718DD63F8007ACCCB /* Frameworks */ = {
			isa = PBXFrameworksBuildPhase;
			buildActionMask = 2147483647;
			files = (
				83D3ED3F18DE40F000D813DD /* libiconv.dylib in Frameworks */,
				83D3ED3D18DE40E900D813DD /* QuartzCore.framework in Frameworks */,
				83D3ED3B18DE40E100D813DD /* CoreVideo.framework in Frameworks */,
				83D3ED3918DE40DA00D813DD /* CoreMedia.framework in Frameworks */,
				83D3ED3718DE40CE00D813DD /* AVFoundation.framework in Frameworks */,
				83F247F018DD63F8007ACCCB /* CoreGraphics.framework in Frameworks */,
				83F247F218DD63F8007ACCCB /* UIKit.framework in Frameworks */,
				83D3ED3118DE409C00D813DD /* libzbar.a in Frameworks */,
				83F247EE18DD63F8007ACCCB /* Foundation.framework in Frameworks */,
				A89E3CC7A280412FA5AEF657 /* libPods-FastBar.a in Frameworks */,
			);
			runOnlyForDeploymentPostprocessing = 0;
		};
		83F2480B18DD63F8007ACCCB /* Frameworks */ = {
			isa = PBXFrameworksBuildPhase;
			buildActionMask = 2147483647;
			files = (
				83F2481018DD63F8007ACCCB /* XCTest.framework in Frameworks */,
				83F2481218DD63F8007ACCCB /* UIKit.framework in Frameworks */,
				83F2481118DD63F8007ACCCB /* Foundation.framework in Frameworks */,
			);
			runOnlyForDeploymentPostprocessing = 0;
		};
/* End PBXFrameworksBuildPhase section */

/* Begin PBXGroup section */
		83D3ED1318DE409C00D813DD /* ZBarSDK */ = {
			isa = PBXGroup;
			children = (
				83D3ED1418DE409C00D813DD /* Headers */,
				83D3ED2B18DE409C00D813DD /* libzbar.a */,
				83D3ED2C18DE409C00D813DD /* Resources */,
			);
			name = ZBarSDK;
			path = Frameworks/ZBarSDK;
			sourceTree = "<group>";
		};
		83D3ED1418DE409C00D813DD /* Headers */ = {
			isa = PBXGroup;
			children = (
				83D3ED1518DE409C00D813DD /* ZBarSDK */,
			);
			path = Headers;
			sourceTree = "<group>";
		};
		83D3ED1518DE409C00D813DD /* ZBarSDK */ = {
			isa = PBXGroup;
			children = (
				83D3ED1618DE409C00D813DD /* zbar */,
				83D3ED2018DE409C00D813DD /* zbar.h */,
				83D3ED2118DE409C00D813DD /* ZBarCameraSimulator.h */,
				83D3ED2218DE409C00D813DD /* ZBarCaptureReader.h */,
				83D3ED2318DE409C00D813DD /* ZBarHelpController.h */,
				83D3ED2418DE409C00D813DD /* ZBarImage.h */,
				83D3ED2518DE409C00D813DD /* ZBarImageScanner.h */,
				83D3ED2618DE409C00D813DD /* ZBarReaderController.h */,
				83D3ED2718DE409C00D813DD /* ZBarReaderView.h */,
				83D3ED2818DE409C00D813DD /* ZBarReaderViewController.h */,
				83D3ED2918DE409C00D813DD /* ZBarSDK.h */,
				83D3ED2A18DE409C00D813DD /* ZBarSymbol.h */,
			);
			path = ZBarSDK;
			sourceTree = "<group>";
		};
		83D3ED1618DE409C00D813DD /* zbar */ = {
			isa = PBXGroup;
			children = (
				83D3ED1718DE409C00D813DD /* Decoder.h */,
				83D3ED1818DE409C00D813DD /* Exception.h */,
				83D3ED1918DE409C00D813DD /* Image.h */,
				83D3ED1A18DE409C00D813DD /* ImageScanner.h */,
				83D3ED1B18DE409C00D813DD /* Processor.h */,
				83D3ED1C18DE409C00D813DD /* Scanner.h */,
				83D3ED1D18DE409C00D813DD /* Symbol.h */,
				83D3ED1E18DE409C00D813DD /* Video.h */,
				83D3ED1F18DE409C00D813DD /* Window.h */,
			);
			path = zbar;
			sourceTree = "<group>";
		};
		83D3ED2C18DE409C00D813DD /* Resources */ = {
			isa = PBXGroup;
			children = (
				83D3ED2D18DE409C00D813DD /* zbar-back.png */,
				83D3ED2E18DE409C00D813DD /* zbar-help.html */,
				83D3ED2F18DE409C00D813DD /* zbar-helpicons.png */,
				83D3ED3018DE409C00D813DD /* zbar-samples.png */,
			);
			path = Resources;
			sourceTree = "<group>";
		};
		83F247E118DD63F8007ACCCB = {
			isa = PBXGroup;
			children = (
				83F247F318DD63F8007ACCCB /* FastBar */,
				83F2481518DD63F8007ACCCB /* FastBarTests */,
				83F247EC18DD63F8007ACCCB /* Frameworks */,
				83F247EB18DD63F8007ACCCB /* Products */,
				9E3B48BD90914EA7BABFF787 /* Pods-FastBar.xcconfig */,
			);
			sourceTree = "<group>";
		};
		83F247EB18DD63F8007ACCCB /* Products */ = {
			isa = PBXGroup;
			children = (
				83F247EA18DD63F8007ACCCB /* FastBar.app */,
				83F2480E18DD63F8007ACCCB /* FastBarTests.xctest */,
			);
			name = Products;
			sourceTree = "<group>";
		};
		83F247EC18DD63F8007ACCCB /* Frameworks */ = {
			isa = PBXGroup;
			children = (
				83D3ED3E18DE40F000D813DD /* libiconv.dylib */,
				83D3ED3C18DE40E900D813DD /* QuartzCore.framework */,
				83D3ED3A18DE40E100D813DD /* CoreVideo.framework */,
				83D3ED3818DE40DA00D813DD /* CoreMedia.framework */,
				83D3ED3618DE40CE00D813DD /* AVFoundation.framework */,
				83D3ED1318DE409C00D813DD /* ZBarSDK */,
				83F247ED18DD63F8007ACCCB /* Foundation.framework */,
				83F247EF18DD63F8007ACCCB /* CoreGraphics.framework */,
				83F247F118DD63F8007ACCCB /* UIKit.framework */,
				83F2480F18DD63F8007ACCCB /* XCTest.framework */,
				EC72DB564BC846F4991147CD /* libPods-FastBar.a */,
			);
			name = Frameworks;
			sourceTree = "<group>";
		};
		83F247F318DD63F8007ACCCB /* FastBar */ = {
			isa = PBXGroup;
			children = (
				83F247FC18DD63F8007ACCCB /* AppDelegate.h */,
				83F247FD18DD63F8007ACCCB /* AppDelegate.m */,
				83F247FF18DD63F8007ACCCB /* Main.storyboard */,
				83F2480218DD63F8007ACCCB /* FirstViewController.h */,
				83F2480318DD63F8007ACCCB /* FirstViewController.m */,
				83F2480518DD63F8007ACCCB /* SecondViewController.h */,
				83F2480618DD63F8007ACCCB /* SecondViewController.m */,
				83D3ED1018DE09A700D813DD /* FBProduct.h */,
				83D3ED1118DE09A700D813DD /* FBProduct.m */,
				83F2480818DD63F8007ACCCB /* Images.xcassets */,
				83F247F418DD63F8007ACCCB /* Supporting Files */,
			);
			path = FastBar;
			sourceTree = "<group>";
		};
		83F247F418DD63F8007ACCCB /* Supporting Files */ = {
			isa = PBXGroup;
			children = (
				83F247F518DD63F8007ACCCB /* FastBar-Info.plist */,
				83F247F618DD63F8007ACCCB /* InfoPlist.strings */,
				83F247F918DD63F8007ACCCB /* main.m */,
				83F247FB18DD63F8007ACCCB /* FastBar-Prefix.pch */,
			);
			name = "Supporting Files";
			sourceTree = "<group>";
		};
		83F2481518DD63F8007ACCCB /* FastBarTests */ = {
			isa = PBXGroup;
			children = (
				83F2481B18DD63F8007ACCCB /* FastBarTests.m */,
				83F2481618DD63F8007ACCCB /* Supporting Files */,
			);
			path = FastBarTests;
			sourceTree = "<group>";
		};
		83F2481618DD63F8007ACCCB /* Supporting Files */ = {
			isa = PBXGroup;
			children = (
				83F2481718DD63F8007ACCCB /* FastBarTests-Info.plist */,
				83F2481818DD63F8007ACCCB /* InfoPlist.strings */,
			);
			name = "Supporting Files";
			sourceTree = "<group>";
		};
/* End PBXGroup section */

/* Begin PBXNativeTarget section */
		83F247E918DD63F8007ACCCB /* FastBar */ = {
			isa = PBXNativeTarget;
			buildConfigurationList = 83F2481F18DD63F8007ACCCB /* Build configuration list for PBXNativeTarget "FastBar" */;
			buildPhases = (
				9802E7EE920F44358D0726EB /* Check Pods Manifest.lock */,
				83F247E618DD63F8007ACCCB /* Sources */,
				83F247E718DD63F8007ACCCB /* Frameworks */,
				83F247E818DD63F8007ACCCB /* Resources */,
				68D8A570F2AC44CF9D146858 /* Copy Pods Resources */,
			);
			buildRules = (
			);
			dependencies = (
			);
			name = FastBar;
			productName = FastBar;
			productReference = 83F247EA18DD63F8007ACCCB /* FastBar.app */;
			productType = "com.apple.product-type.application";
		};
		83F2480D18DD63F8007ACCCB /* FastBarTests */ = {
			isa = PBXNativeTarget;
			buildConfigurationList = 83F2482218DD63F8007ACCCB /* Build configuration list for PBXNativeTarget "FastBarTests" */;
			buildPhases = (
				83F2480A18DD63F8007ACCCB /* Sources */,
				83F2480B18DD63F8007ACCCB /* Frameworks */,
				83F2480C18DD63F8007ACCCB /* Resources */,
			);
			buildRules = (
			);
			dependencies = (
				83F2481418DD63F8007ACCCB /* PBXTargetDependency */,
			);
			name = FastBarTests;
			productName = FastBarTests;
			productReference = 83F2480E18DD63F8007ACCCB /* FastBarTests.xctest */;
			productType = "com.apple.product-type.bundle.unit-test";
		};
/* End PBXNativeTarget section */

/* Begin PBXProject section */
		83F247E218DD63F8007ACCCB /* Project object */ = {
			isa = PBXProject;
			attributes = {
				LastUpgradeCheck = 0510;
				ORGANIZATIONNAME = "Chris Li";
				TargetAttributes = {
					83F247E918DD63F8007ACCCB = {
						DevelopmentTeam = EY7435E5E3;
					};
					83F2480D18DD63F8007ACCCB = {
						TestTargetID = 83F247E918DD63F8007ACCCB;
					};
				};
			};
			buildConfigurationList = 83F247E518DD63F8007ACCCB /* Build configuration list for PBXProject "FastBar" */;
			compatibilityVersion = "Xcode 3.2";
			developmentRegion = English;
			hasScannedForEncodings = 0;
			knownRegions = (
				en,
				Base,
			);
			mainGroup = 83F247E118DD63F8007ACCCB;
			productRefGroup = 83F247EB18DD63F8007ACCCB /* Products */;
			projectDirPath = "";
			projectRoot = "";
			targets = (
				83F247E918DD63F8007ACCCB /* FastBar */,
				83F2480D18DD63F8007ACCCB /* FastBarTests */,
			);
		};
/* End PBXProject section */

/* Begin PBXResourcesBuildPhase section */
		83F247E818DD63F8007ACCCB /* Resources */ = {
			isa = PBXResourcesBuildPhase;
			buildActionMask = 2147483647;
			files = (
				83F2480918DD63F8007ACCCB /* Images.xcassets in Resources */,
				83D3ED3318DE409D00D813DD /* zbar-help.html in Resources */,
				83D3ED3518DE409D00D813DD /* zbar-samples.png in Resources */,
				83D3ED3418DE409D00D813DD /* zbar-helpicons.png in Resources */,
				83D3ED3218DE409D00D813DD /* zbar-back.png in Resources */,
				83F247F818DD63F8007ACCCB /* InfoPlist.strings in Resources */,
				83F2480118DD63F8007ACCCB /* Main.storyboard in Resources */,
			);
			runOnlyForDeploymentPostprocessing = 0;
		};
		83F2480C18DD63F8007ACCCB /* Resources */ = {
			isa = PBXResourcesBuildPhase;
			buildActionMask = 2147483647;
			files = (
				83F2481A18DD63F8007ACCCB /* InfoPlist.strings in Resources */,
			);
			runOnlyForDeploymentPostprocessing = 0;
		};
/* End PBXResourcesBuildPhase section */

/* Begin PBXShellScriptBuildPhase section */
		68D8A570F2AC44CF9D146858 /* Copy Pods Resources */ = {
			isa = PBXShellScriptBuildPhase;
			buildActionMask = 2147483647;
			files = (
			);
			inputPaths = (
			);
			name = "Copy Pods Resources";
			outputPaths = (
			);
			runOnlyForDeploymentPostprocessing = 0;
			shellPath = /bin/sh;
			shellScript = "\"${SRCROOT}/Pods/Pods-FastBar-resources.sh\"\n";
			showEnvVarsInLog = 0;
		};
		9802E7EE920F44358D0726EB /* Check Pods Manifest.lock */ = {
			isa = PBXShellScriptBuildPhase;
			buildActionMask = 2147483647;
			files = (
			);
			inputPaths = (
			);
			name = "Check Pods Manifest.lock";
			outputPaths = (
			);
			runOnlyForDeploymentPostprocessing = 0;
			shellPath = /bin/sh;
			shellScript = "diff \"${PODS_ROOT}/../Podfile.lock\" \"${PODS_ROOT}/Manifest.lock\" > /dev/null\nif [[ $? != 0 ]] ; then\n    cat << EOM\nerror: The sandbox is not in sync with the Podfile.lock. Run 'pod install' or update your CocoaPods installation.\nEOM\n    exit 1\nfi\n";
			showEnvVarsInLog = 0;
		};
/* End PBXShellScriptBuildPhase section */

/* Begin PBXSourcesBuildPhase section */
		83F247E618DD63F8007ACCCB /* Sources */ = {
			isa = PBXSourcesBuildPhase;
			buildActionMask = 2147483647;
			files = (
				83F2480718DD63F8007ACCCB /* SecondViewController.m in Sources */,
				83F247FE18DD63F8007ACCCB /* AppDelegate.m in Sources */,
				83F2480418DD63F8007ACCCB /* FirstViewController.m in Sources */,
				83D3ED1218DE09A700D813DD /* FBProduct.m in Sources */,
				83F247FA18DD63F8007ACCCB /* main.m in Sources */,
			);
			runOnlyForDeploymentPostprocessing = 0;
		};
		83F2480A18DD63F8007ACCCB /* Sources */ = {
			isa = PBXSourcesBuildPhase;
			buildActionMask = 2147483647;
			files = (
				83F2481C18DD63F8007ACCCB /* FastBarTests.m in Sources */,
			);
			runOnlyForDeploymentPostprocessing = 0;
		};
/* End PBXSourcesBuildPhase section */

/* Begin PBXTargetDependency section */
		83F2481418DD63F8007ACCCB /* PBXTargetDependency */ = {
			isa = PBXTargetDependency;
			target = 83F247E918DD63F8007ACCCB /* FastBar */;
			targetProxy = 83F2481318DD63F8007ACCCB /* PBXContainerItemProxy */;
		};
/* End PBXTargetDependency section */

/* Begin PBXVariantGroup section */
		83F247F618DD63F8007ACCCB /* InfoPlist.strings */ = {
			isa = PBXVariantGroup;
			children = (
				83F247F718DD63F8007ACCCB /* en */,
			);
			name = InfoPlist.strings;
			sourceTree = "<group>";
		};
		83F247FF18DD63F8007ACCCB /* Main.storyboard */ = {
			isa = PBXVariantGroup;
			children = (
				83F2480018DD63F8007ACCCB /* Base */,
			);
			name = Main.storyboard;
			sourceTree = "<group>";
		};
		83F2481818DD63F8007ACCCB /* InfoPlist.strings */ = {
			isa = PBXVariantGroup;
			children = (
				83F2481918DD63F8007ACCCB /* en */,
			);
			name = InfoPlist.strings;
			sourceTree = "<group>";
		};
/* End PBXVariantGroup section */

/* Begin XCBuildConfiguration section */
		83F2481D18DD63F8007ACCCB /* Debug */ = {
			isa = XCBuildConfiguration;
			buildSettings = {
				ALWAYS_SEARCH_USER_PATHS = NO;
				CLANG_CXX_LANGUAGE_STANDARD = "gnu++0x";
				CLANG_CXX_LIBRARY = "libc++";
				CLANG_ENABLE_MODULES = YES;
				CLANG_ENABLE_OBJC_ARC = YES;
				CLANG_WARN_BOOL_CONVERSION = YES;
				CLANG_WARN_CONSTANT_CONVERSION = YES;
				CLANG_WARN_DIRECT_OBJC_ISA_USAGE = YES_ERROR;
				CLANG_WARN_EMPTY_BODY = YES;
				CLANG_WARN_ENUM_CONVERSION = YES;
				CLANG_WARN_INT_CONVERSION = YES;
				CLANG_WARN_OBJC_ROOT_CLASS = YES_ERROR;
				CLANG_WARN__DUPLICATE_METHOD_MATCH = YES;
				"CODE_SIGN_IDENTITY[sdk=iphoneos*]" = "iPhone Developer";
				COPY_PHASE_STRIP = NO;
				GCC_C_LANGUAGE_STANDARD = gnu99;
				GCC_DYNAMIC_NO_PIC = NO;
				GCC_OPTIMIZATION_LEVEL = 0;
				GCC_PREPROCESSOR_DEFINITIONS = (
					"DEBUG=1",
					"$(inherited)",
				);
				GCC_SYMBOLS_PRIVATE_EXTERN = NO;
				GCC_WARN_64_TO_32_BIT_CONVERSION = YES;
				GCC_WARN_ABOUT_RETURN_TYPE = YES_ERROR;
				GCC_WARN_UNDECLARED_SELECTOR = YES;
				GCC_WARN_UNINITIALIZED_AUTOS = YES_AGGRESSIVE;
				GCC_WARN_UNUSED_FUNCTION = YES;
				GCC_WARN_UNUSED_VARIABLE = YES;
				IPHONEOS_DEPLOYMENT_TARGET = 7.1;
				ONLY_ACTIVE_ARCH = YES;
				SDKROOT = iphoneos;
				TARGETED_DEVICE_FAMILY = 2;
			};
			name = Debug;
		};
		83F2481E18DD63F8007ACCCB /* Release */ = {
			isa = XCBuildConfiguration;
			buildSettings = {
				ALWAYS_SEARCH_USER_PATHS = NO;
				CLANG_CXX_LANGUAGE_STANDARD = "gnu++0x";
				CLANG_CXX_LIBRARY = "libc++";
				CLANG_ENABLE_MODULES = YES;
				CLANG_ENABLE_OBJC_ARC = YES;
				CLANG_WARN_BOOL_CONVERSION = YES;
				CLANG_WARN_CONSTANT_CONVERSION = YES;
				CLANG_WARN_DIRECT_OBJC_ISA_USAGE = YES_ERROR;
				CLANG_WARN_EMPTY_BODY = YES;
				CLANG_WARN_ENUM_CONVERSION = YES;
				CLANG_WARN_INT_CONVERSION = YES;
				CLANG_WARN_OBJC_ROOT_CLASS = YES_ERROR;
				CLANG_WARN__DUPLICATE_METHOD_MATCH = YES;
				"CODE_SIGN_IDENTITY[sdk=iphoneos*]" = "iPhone Developer";
				COPY_PHASE_STRIP = YES;
				ENABLE_NS_ASSERTIONS = NO;
				GCC_C_LANGUAGE_STANDARD = gnu99;
				GCC_WARN_64_TO_32_BIT_CONVERSION = YES;
				GCC_WARN_ABOUT_RETURN_TYPE = YES_ERROR;
				GCC_WARN_UNDECLARED_SELECTOR = YES;
				GCC_WARN_UNINITIALIZED_AUTOS = YES_AGGRESSIVE;
				GCC_WARN_UNUSED_FUNCTION = YES;
				GCC_WARN_UNUSED_VARIABLE = YES;
				IPHONEOS_DEPLOYMENT_TARGET = 7.1;
				SDKROOT = iphoneos;
				TARGETED_DEVICE_FAMILY = 2;
				VALIDATE_PRODUCT = YES;
			};
			name = Release;
		};
		83F2482018DD63F8007ACCCB /* Debug */ = {
			isa = XCBuildConfiguration;
			baseConfigurationReference = 9E3B48BD90914EA7BABFF787 /* Pods-FastBar.xcconfig */;
			buildSettings = {
				ASSETCATALOG_COMPILER_APPICON_NAME = AppIcon;
				ASSETCATALOG_COMPILER_LAUNCHIMAGE_NAME = LaunchImage;
				CODE_SIGN_IDENTITY = "iPhone Developer";
				"CODE_SIGN_IDENTITY[sdk=iphoneos*]" = "iPhone Developer";
				GCC_PRECOMPILE_PREFIX_HEADER = YES;
				GCC_PREFIX_HEADER = "FastBar/FastBar-Prefix.pch";
				INFOPLIST_FILE = "FastBar/FastBar-Info.plist";
				LIBRARY_SEARCH_PATHS = (
					"$(inherited)",
					"$(PROJECT_DIR)/Frameworks/ZBarSDK",
				);
				PRODUCT_NAME = "$(TARGET_NAME)";
				PROVISIONING_PROFILE = "";
				WRAPPER_EXTENSION = app;
			};
			name = Debug;
		};
		83F2482118DD63F8007ACCCB /* Release */ = {
			isa = XCBuildConfiguration;
			baseConfigurationReference = 9E3B48BD90914EA7BABFF787 /* Pods-FastBar.xcconfig */;
			buildSettings = {
				ASSETCATALOG_COMPILER_APPICON_NAME = AppIcon;
				ASSETCATALOG_COMPILER_LAUNCHIMAGE_NAME = LaunchImage;
				CODE_SIGN_IDENTITY = "iPhone Developer";
				"CODE_SIGN_IDENTITY[sdk=iphoneos*]" = "iPhone Developer";
				GCC_PRECOMPILE_PREFIX_HEADER = YES;
				GCC_PREFIX_HEADER = "FastBar/FastBar-Prefix.pch";
				INFOPLIST_FILE = "FastBar/FastBar-Info.plist";
				LIBRARY_SEARCH_PATHS = (
					"$(inherited)",
					"$(PROJECT_DIR)/Frameworks/ZBarSDK",
				);
				PRODUCT_NAME = "$(TARGET_NAME)";
				PROVISIONING_PROFILE = "";
				WRAPPER_EXTENSION = app;
			};
			name = Release;
		};
		83F2482318DD63F8007ACCCB /* Debug */ = {
			isa = XCBuildConfiguration;
			buildSettings = {
				BUNDLE_LOADER = "$(BUILT_PRODUCTS_DIR)/FastBar.app/FastBar";
				FRAMEWORK_SEARCH_PATHS = (
					"$(SDKROOT)/Developer/Library/Frameworks",
					"$(inherited)",
					"$(DEVELOPER_FRAMEWORKS_DIR)",
				);
				GCC_PRECOMPILE_PREFIX_HEADER = YES;
				GCC_PREFIX_HEADER = "FastBar/FastBar-Prefix.pch";
				GCC_PREPROCESSOR_DEFINITIONS = (
					"DEBUG=1",
					"$(inherited)",
				);
				INFOPLIST_FILE = "FastBarTests/FastBarTests-Info.plist";
				PRODUCT_NAME = "$(TARGET_NAME)";
				TEST_HOST = "$(BUNDLE_LOADER)";
				WRAPPER_EXTENSION = xctest;
			};
			name = Debug;
		};
		83F2482418DD63F8007ACCCB /* Release */ = {
			isa = XCBuildConfiguration;
			buildSettings = {
				BUNDLE_LOADER = "$(BUILT_PRODUCTS_DIR)/FastBar.app/FastBar";
				FRAMEWORK_SEARCH_PATHS = (
					"$(SDKROOT)/Developer/Library/Frameworks",
					"$(inherited)",
					"$(DEVELOPER_FRAMEWORKS_DIR)",
				);
				GCC_PRECOMPILE_PREFIX_HEADER = YES;
				GCC_PREFIX_HEADER = "FastBar/FastBar-Prefix.pch";
				INFOPLIST_FILE = "FastBarTests/FastBarTests-Info.plist";
				PRODUCT_NAME = "$(TARGET_NAME)";
				TEST_HOST = "$(BUNDLE_LOADER)";
				WRAPPER_EXTENSION = xctest;
			};
			name = Release;
		};
/* End XCBuildConfiguration section */

/* Begin XCConfigurationList section */
		83F247E518DD63F8007ACCCB /* Build configuration list for PBXProject "FastBar" */ = {
			isa = XCConfigurationList;
			buildConfigurations = (
				83F2481D18DD63F8007ACCCB /* Debug */,
				83F2481E18DD63F8007ACCCB /* Release */,
			);
			defaultConfigurationIsVisible = 0;
			defaultConfigurationName = Release;
		};
		83F2481F18DD63F8007ACCCB /* Build configuration list for PBXNativeTarget "FastBar" */ = {
			isa = XCConfigurationList;
			buildConfigurations = (
				83F2482018DD63F8007ACCCB /* Debug */,
				83F2482118DD63F8007ACCCB /* Release */,
			);
			defaultConfigurationIsVisible = 0;
			defaultConfigurationName = Release;
		};
		83F2482218DD63F8007ACCCB /* Build configuration list for PBXNativeTarget "FastBarTests" */ = {
			isa = XCConfigurationList;
			buildConfigurations = (
				83F2482318DD63F8007ACCCB /* Debug */,
				83F2482418DD63F8007ACCCB /* Release */,
			);
			defaultConfigurationIsVisible = 0;
			defaultConfigurationName = Release;
		};
/* End XCConfigurationList section */
	};
	rootObject = 83F247E218DD63F8007ACCCB /* Project object */;
}
